// !$*UTF8*$!
{
	archiveVersion = 1;
	classes = {
	};
	objectVersion = 46;
	objects = {

/* Begin PBXBuildFile section */
		3424EAEB16F45DDD001C0C7A /* DetailViewController.m in Sources */ = {isa = PBXBuildFile; fileRef = 3424EAE916F45DDD001C0C7A /* DetailViewController.m */; };
		3424EAEC16F45DDD001C0C7A /* DetailViewController.xib in Resources */ = {isa = PBXBuildFile; fileRef = 3424EAEA16F45DDD001C0C7A /* DetailViewController.xib */; };
		3424EB0516F46DE1001C0C7A /* voiture@2x.png in Resources */ = {isa = PBXBuildFile; fileRef = 3424EAFF16F46DE1001C0C7A /* voiture@2x.png */; };
		3435466716F47CB10016D50F /* htc-desire-s.png in Resources */ = {isa = PBXBuildFile; fileRef = 3435465D16F47CB10016D50F /* htc-desire-s.png */; };
		3435466816F47CB10016D50F /* htc-desire-s@2x.png in Resources */ = {isa = PBXBuildFile; fileRef = 3435465E16F47CB10016D50F /* htc-desire-s@2x.png */; };
		3435466916F47CB10016D50F /* imprimante.png in Resources */ = {isa = PBXBuildFile; fileRef = 3435465F16F47CB10016D50F /* imprimante.png */; };
		3435466A16F47CB10016D50F /* imprimante@2x.png in Resources */ = {isa = PBXBuildFile; fileRef = 3435466016F47CB10016D50F /* imprimante@2x.png */; };
		3435466B16F47CB10016D50F /* iphone-5.png in Resources */ = {isa = PBXBuildFile; fileRef = 3435466116F47CB10016D50F /* iphone-5.png */; };
		3435466C16F47CB10016D50F /* iphone-5@2x.png in Resources */ = {isa = PBXBuildFile; fileRef = 3435466216F47CB10016D50F /* iphone-5@2x.png */; };
		3435466D16F47CB10016D50F /* routeur-wifi.png in Resources */ = {isa = PBXBuildFile; fileRef = 3435466316F47CB10016D50F /* routeur-wifi.png */; };
		3435466E16F47CB10016D50F /* routeur-wifi@2x.png in Resources */ = {isa = PBXBuildFile; fileRef = 3435466416F47CB10016D50F /* routeur-wifi@2x.png */; };
		3435466F16F47CB10016D50F /* tv.png in Resources */ = {isa = PBXBuildFile; fileRef = 3435466516F47CB10016D50F /* tv.png */; };
		3435467016F47CB10016D50F /* tv@2x.png in Resources */ = {isa = PBXBuildFile; fileRef = 3435466616F47CB10016D50F /* tv@2x.png */; };
		34527FBD16CFDD97003C0A9D /* ArticleXMLParser.m in Sources */ = {isa = PBXBuildFile; fileRef = 34527FBC16CFDD97003C0A9D /* ArticleXMLParser.m */; };
		34527FC016CFDDFB003C0A9D /* Article.m in Sources */ = {isa = PBXBuildFile; fileRef = 34527FBF16CFDDFB003C0A9D /* Article.m */; };
		346C285A16CFF23500D1BE1D /* ArticleItemTableViewCell.m in Sources */ = {isa = PBXBuildFile; fileRef = 346C285916CFF23500D1BE1D /* ArticleItemTableViewCell.m */; };
		346C285C16CFF25900D1BE1D /* ArticleItemTableViewCell.xib in Resources */ = {isa = PBXBuildFile; fileRef = 346C285B16CFF25900D1BE1D /* ArticleItemTableViewCell.xib */; };
		346C286716CFF80D00D1BE1D /* avion@2x.png in Resources */ = {isa = PBXBuildFile; fileRef = 346C285D16CFF80D00D1BE1D /* avion@2x.png */; };
		346C286816CFF80D00D1BE1D /* bateau@2x.png in Resources */ = {isa = PBXBuildFile; fileRef = 346C285E16CFF80D00D1BE1D /* bateau@2x.png */; };
		346C286916CFF80D00D1BE1D /* bijoux@2x.png in Resources */ = {isa = PBXBuildFile; fileRef = 346C285F16CFF80D00D1BE1D /* bijoux@2x.png */; };
		346C286A16CFF80D00D1BE1D /* helico@2x.png in Resources */ = {isa = PBXBuildFile; fileRef = 346C286016CFF80D00D1BE1D /* helico@2x.png */; };
		346C286B16CFF80D00D1BE1D /* maison@2x.png in Resources */ = {isa = PBXBuildFile; fileRef = 346C286116CFF80D00D1BE1D /* maison@2x.png */; };
		346C286C16CFF80D00D1BE1D /* mobilier@2x.png in Resources */ = {isa = PBXBuildFile; fileRef = 346C286216CFF80D00D1BE1D /* mobilier@2x.png */; };
		346C286D16CFF80D00D1BE1D /* montre@2x.png in Resources */ = {isa = PBXBuildFile; fileRef = 346C286316CFF80D00D1BE1D /* montre@2x.png */; };
		346C286E16CFF80D00D1BE1D /* moto@2x.png in Resources */ = {isa = PBXBuildFile; fileRef = 346C286416CFF80D00D1BE1D /* moto@2x.png */; };
		346C286F16CFF80D00D1BE1D /* voiture@2x.png in Resources */ = {isa = PBXBuildFile; fileRef = 346C286516CFF80D00D1BE1D /* voiture@2x.png */; };
		346C287016CFF80D00D1BE1D /* voyage@2x.png in Resources */ = {isa = PBXBuildFile; fileRef = 346C286616CFF80D00D1BE1D /* voyage@2x.png */; };
		34CB6DFD16FC63500001976B /* yatch@2x.png in Resources */ = {isa = PBXBuildFile; fileRef = 34CB6DFB16FC63500001976B /* yatch@2x.png */; };
		34CB6DFE16FC63500001976B /* yatch2@2x.png in Resources */ = {isa = PBXBuildFile; fileRef = 34CB6DFC16FC63500001976B /* yatch2@2x.png */; };
		34CB6E0016FC638E0001976B /* techno@2x.png in Resources */ = {isa = PBXBuildFile; fileRef = 34CB6DFF16FC638E0001976B /* techno@2x.png */; };
		34CB6E0216FC63D30001976B /* all@2x.png in Resources */ = {isa = PBXBuildFile; fileRef = 34CB6E0116FC63D30001976B /* all@2x.png */; };
		34CB6E0816FC6E430001976B /* 9976085_large2.png in Resources */ = {isa = PBXBuildFile; fileRef = 34CB6E0716FC6E430001976B /* 9976085_large2.png */; };
		34CB6E0A16FC71B30001976B /* 10184810_large2.png in Resources */ = {isa = PBXBuildFile; fileRef = 34CB6E0916FC71B30001976B /* 10184810_large2.png */; };
		34CB6E0C16FC72A90001976B /* 10330530_large2.png in Resources */ = {isa = PBXBuildFile; fileRef = 34CB6E0B16FC72A90001976B /* 10330530_large2.png */; };
		34CB6E0E16FC73E70001976B /* 11071277_large2.png in Resources */ = {isa = PBXBuildFile; fileRef = 34CB6E0D16FC73E70001976B /* 11071277_large2.png */; };
		34CB6E1016FC74740001976B /* 10889098_large2.png in Resources */ = {isa = PBXBuildFile; fileRef = 34CB6E0F16FC74740001976B /* 10889098_large2.png */; };
		34CB6E1216FC754C0001976B /* 4309264_large2.png in Resources */ = {isa = PBXBuildFile; fileRef = 34CB6E1116FC754C0001976B /* 4309264_large2.png */; };
		34CB6E1416FC75DA0001976B /* 3671126_large2.png in Resources */ = {isa = PBXBuildFile; fileRef = 34CB6E1316FC75DA0001976B /* 3671126_large2.png */; };
		34CB6E1616FC76FC0001976B /* 9937610_large2.png in Resources */ = {isa = PBXBuildFile; fileRef = 34CB6E1516FC76FC0001976B /* 9937610_large2.png */; };
		34CB6E1816FC834B0001976B /* 9810314_large2.png in Resources */ = {isa = PBXBuildFile; fileRef = 34CB6E1716FC834B0001976B /* 9810314_large2.png */; };
		34CB6E1A16FC841C0001976B /* 3924026_large2.png in Resources */ = {isa = PBXBuildFile; fileRef = 34CB6E1916FC841C0001976B /* 3924026_large2.png */; };
		34CB6E1C16FC84900001976B /* 9294935_large2.png in Resources */ = {isa = PBXBuildFile; fileRef = 34CB6E1B16FC84900001976B /* 9294935_large2.png */; };
		34CB6E1E16FC85A00001976B /* 11136694_large2.png in Resources */ = {isa = PBXBuildFile; fileRef = 34CB6E1D16FC85A00001976B /* 11136694_large2.png */; };
		34CB6E2016FC866D0001976B /* 502937_large2.png in Resources */ = {isa = PBXBuildFile; fileRef = 34CB6E1F16FC866D0001976B /* 502937_large2.png */; };
		34CB6E2216FC87470001976B /* 3446590_large2.png in Resources */ = {isa = PBXBuildFile; fileRef = 34CB6E2116FC87470001976B /* 3446590_large2.png */; };
		34CB6E2416FC88360001976B /* 10343503_large2.png in Resources */ = {isa = PBXBuildFile; fileRef = 34CB6E2316FC88360001976B /* 10343503_large2.png */; };
		34D6AA7616F9EBD100BEE213 /* User.m in Sources */ = {isa = PBXBuildFile; fileRef = 34D6AA7516F9EBD100BEE213 /* User.m */; };
		34D6AA7916F9EC4300BEE213 /* UserXMLParser.m in Sources */ = {isa = PBXBuildFile; fileRef = 34D6AA7816F9EC4300BEE213 /* UserXMLParser.m */; };
		A744C31916CFE59800DD721F /* CategoriesViewController.m in Sources */ = {isa = PBXBuildFile; fileRef = A744C31816CFE59800DD721F /* CategoriesViewController.m */; };
		A744C31F16CFE5E700DD721F /* ListeArticlesViewController.m in Sources */ = {isa = PBXBuildFile; fileRef = A744C31E16CFE5E700DD721F /* ListeArticlesViewController.m */; };
		A755D9BB16F4A3720052A119 /* MonCompteViewController.m in Sources */ = {isa = PBXBuildFile; fileRef = A755D9B916F4A3720052A119 /* MonCompteViewController.m */; };
		A755D9BC16F4A3720052A119 /* MonCompteViewController.xib in Resources */ = {isa = PBXBuildFile; fileRef = A755D9BA16F4A3720052A119 /* MonCompteViewController.xib */; };
		A755D9C016F4A46E0052A119 /* MesCommandesViewController.m in Sources */ = {isa = PBXBuildFile; fileRef = A755D9BE16F4A46E0052A119 /* MesCommandesViewController.m */; };
		A755D9C116F4A46E0052A119 /* MesCommandesViewController.xib in Resources */ = {isa = PBXBuildFile; fileRef = A755D9BF16F4A46E0052A119 /* MesCommandesViewController.xib */; };
		A755D9CA16F4A4930052A119 /* MesRetoursSAVViewController.m in Sources */ = {isa = PBXBuildFile; fileRef = A755D9C816F4A4930052A119 /* MesRetoursSAVViewController.m */; };
		A755D9CB16F4A4930052A119 /* MesRetoursSAVViewController.xib in Resources */ = {isa = PBXBuildFile; fileRef = A755D9C916F4A4930052A119 /* MesRetoursSAVViewController.xib */; };
		A755D9CF16F4A4A30052A119 /* MesAvoirsViewController.m in Sources */ = {isa = PBXBuildFile; fileRef = A755D9CD16F4A4A30052A119 /* MesAvoirsViewController.m */; };
		A755D9D016F4A4A30052A119 /* MesAvoirsViewController.xib in Resources */ = {isa = PBXBuildFile; fileRef = A755D9CE16F4A4A30052A119 /* MesAvoirsViewController.xib */; };
		A755D9D416F4A4B10052A119 /* MonPanierViewController.m in Sources */ = {isa = PBXBuildFile; fileRef = A755D9D216F4A4B10052A119 /* MonPanierViewController.m */; };
		A755D9D516F4A4B10052A119 /* MonPanierViewController.xib in Resources */ = {isa = PBXBuildFile; fileRef = A755D9D316F4A4B10052A119 /* MonPanierViewController.xib */; };
		A755D9D916F4A4C10052A119 /* MesAlertesViewController.m in Sources */ = {isa = PBXBuildFile; fileRef = A755D9D716F4A4C10052A119 /* MesAlertesViewController.m */; };
		A755D9DA16F4A4C10052A119 /* MesAlertesViewController.xib in Resources */ = {isa = PBXBuildFile; fileRef = A755D9D816F4A4C10052A119 /* MesAlertesViewController.xib */; };
		A780C13D16CFA02200652C08 /* UIKit.framework in Frameworks */ = {isa = PBXBuildFile; fileRef = A780C13C16CFA02200652C08 /* UIKit.framework */; };
		A780C13F16CFA02200652C08 /* Foundation.framework in Frameworks */ = {isa = PBXBuildFile; fileRef = A780C13E16CFA02200652C08 /* Foundation.framework */; };
		A780C14116CFA02200652C08 /* CoreGraphics.framework in Frameworks */ = {isa = PBXBuildFile; fileRef = A780C14016CFA02200652C08 /* CoreGraphics.framework */; };
		A780C14716CFA02200652C08 /* InfoPlist.strings in Resources */ = {isa = PBXBuildFile; fileRef = A780C14516CFA02200652C08 /* InfoPlist.strings */; };
		A780C14916CFA02200652C08 /* main.m in Sources */ = {isa = PBXBuildFile; fileRef = A780C14816CFA02200652C08 /* main.m */; };
		A780C14D16CFA02200652C08 /* AppDelegate.m in Sources */ = {isa = PBXBuildFile; fileRef = A780C14C16CFA02200652C08 /* AppDelegate.m */; };
		A780C14F16CFA02200652C08 /* Default.png in Resources */ = {isa = PBXBuildFile; fileRef = A780C14E16CFA02200652C08 /* Default.png */; };
		A780C15116CFA02200652C08 /* Default@2x.png in Resources */ = {isa = PBXBuildFile; fileRef = A780C15016CFA02200652C08 /* Default@2x.png */; };
		A780C15316CFA02200652C08 /* Default-568h@2x.png in Resources */ = {isa = PBXBuildFile; fileRef = A780C15216CFA02200652C08 /* Default-568h@2x.png */; };
		A780C15616CFA02200652C08 /* MainStoryboard.storyboard in Resources */ = {isa = PBXBuildFile; fileRef = A780C15416CFA02200652C08 /* MainStoryboard.storyboard */; };
		A780C16E16CFA36800652C08 /* AuthentificationViewController.m in Sources */ = {isa = PBXBuildFile; fileRef = A780C16D16CFA36800652C08 /* AuthentificationViewController.m */; };
		A7812D2A16F486450027936C /* EspacePersoViewController.m in Sources */ = {isa = PBXBuildFile; fileRef = A7812D2916F486450027936C /* EspacePersoViewController.m */; };
		A7812D2D16F486680027936C /* EspacePersoCell.m in Sources */ = {isa = PBXBuildFile; fileRef = A7812D2C16F486680027936C /* EspacePersoCell.m */; };
		A7812D2F16F486810027936C /* EspacePersoCell.xib in Resources */ = {isa = PBXBuildFile; fileRef = A7812D2E16F486810027936C /* EspacePersoCell.xib */; };
		A78639FC16FA1D1700A241CE /* anonymat@2x.png in Resources */ = {isa = PBXBuildFile; fileRef = A78639FB16FA1D1700A241CE /* anonymat@2x.png */; };
		A78639FF16FA292C00A241CE /* MesAdressesCell.m in Sources */ = {isa = PBXBuildFile; fileRef = A78639FE16FA292C00A241CE /* MesAdressesCell.m */; };
		A7863A0116FA294700A241CE /* MesAdressesCell.xib in Resources */ = {isa = PBXBuildFile; fileRef = A7863A0016FA294600A241CE /* MesAdressesCell.xib */; };
		A7863A0516FA2A6D00A241CE /* MesAdressesViewController.m in Sources */ = {isa = PBXBuildFile; fileRef = A7863A0316FA2A6D00A241CE /* MesAdressesViewController.m */; };
		A7863A0616FA2A6D00A241CE /* MesAdressesViewController.xib in Resources */ = {isa = PBXBuildFile; fileRef = A7863A0416FA2A6D00A241CE /* MesAdressesViewController.xib */; };
/* End PBXBuildFile section */

/* Begin PBXFileReference section */
		3424EAE816F45DDD001C0C7A /* DetailViewController.h */ = {isa = PBXFileReference; fileEncoding = 4; lastKnownFileType = sourcecode.c.h; path = DetailViewController.h; sourceTree = "<group>"; };
		3424EAE916F45DDD001C0C7A /* DetailViewController.m */ = {isa = PBXFileReference; fileEncoding = 4; lastKnownFileType = sourcecode.c.objc; path = DetailViewController.m; sourceTree = "<group>"; };
		3424EAEA16F45DDD001C0C7A /* DetailViewController.xib */ = {isa = PBXFileReference; fileEncoding = 4; lastKnownFileType = file.xib; path = DetailViewController.xib; sourceTree = "<group>"; };
		3424EAFF16F46DE1001C0C7A /* voiture@2x.png */ = {isa = PBXFileReference; lastKnownFileType = image.png; path = "voiture@2x.png"; sourceTree = "<group>"; };
		3435465D16F47CB10016D50F /* htc-desire-s.png */ = {isa = PBXFileReference; lastKnownFileType = image.png; path = "htc-desire-s.png"; sourceTree = "<group>"; };
		3435465E16F47CB10016D50F /* htc-desire-s@2x.png */ = {isa = PBXFileReference; lastKnownFileType = image.png; path = "htc-desire-s@2x.png"; sourceTree = "<group>"; };
		3435465F16F47CB10016D50F /* imprimante.png */ = {isa = PBXFileReference; lastKnownFileType = image.png; path = imprimante.png; sourceTree = "<group>"; };
		3435466016F47CB10016D50F /* imprimante@2x.png */ = {isa = PBXFileReference; lastKnownFileType = image.png; path = "imprimante@2x.png"; sourceTree = "<group>"; };
		3435466116F47CB10016D50F /* iphone-5.png */ = {isa = PBXFileReference; lastKnownFileType = image.png; path = "iphone-5.png"; sourceTree = "<group>"; };
		3435466216F47CB10016D50F /* iphone-5@2x.png */ = {isa = PBXFileReference; lastKnownFileType = image.png; path = "iphone-5@2x.png"; sourceTree = "<group>"; };
		3435466316F47CB10016D50F /* routeur-wifi.png */ = {isa = PBXFileReference; lastKnownFileType = image.png; path = "routeur-wifi.png"; sourceTree = "<group>"; };
		3435466416F47CB10016D50F /* routeur-wifi@2x.png */ = {isa = PBXFileReference; lastKnownFileType = image.png; path = "routeur-wifi@2x.png"; sourceTree = "<group>"; };
		3435466516F47CB10016D50F /* tv.png */ = {isa = PBXFileReference; lastKnownFileType = image.png; path = tv.png; sourceTree = "<group>"; };
		3435466616F47CB10016D50F /* tv@2x.png */ = {isa = PBXFileReference; lastKnownFileType = image.png; path = "tv@2x.png"; sourceTree = "<group>"; };
		34527FBB16CFDD97003C0A9D /* ArticleXMLParser.h */ = {isa = PBXFileReference; fileEncoding = 4; lastKnownFileType = sourcecode.c.h; path = ArticleXMLParser.h; sourceTree = "<group>"; };
		34527FBC16CFDD97003C0A9D /* ArticleXMLParser.m */ = {isa = PBXFileReference; fileEncoding = 4; lastKnownFileType = sourcecode.c.objc; path = ArticleXMLParser.m; sourceTree = "<group>"; };
		34527FBE16CFDDFB003C0A9D /* Article.h */ = {isa = PBXFileReference; fileEncoding = 4; lastKnownFileType = sourcecode.c.h; path = Article.h; sourceTree = "<group>"; };
		34527FBF16CFDDFB003C0A9D /* Article.m */ = {isa = PBXFileReference; fileEncoding = 4; lastKnownFileType = sourcecode.c.objc; path = Article.m; sourceTree = "<group>"; };
		346C285816CFF23500D1BE1D /* ArticleItemTableViewCell.h */ = {isa = PBXFileReference; fileEncoding = 4; lastKnownFileType = sourcecode.c.h; path = ArticleItemTableViewCell.h; sourceTree = "<group>"; };
		346C285916CFF23500D1BE1D /* ArticleItemTableViewCell.m */ = {isa = PBXFileReference; fileEncoding = 4; lastKnownFileType = sourcecode.c.objc; path = ArticleItemTableViewCell.m; sourceTree = "<group>"; };
		346C285B16CFF25900D1BE1D /* ArticleItemTableViewCell.xib */ = {isa = PBXFileReference; fileEncoding = 4; lastKnownFileType = file.xib; path = ArticleItemTableViewCell.xib; sourceTree = "<group>"; };
		346C285D16CFF80D00D1BE1D /* avion@2x.png */ = {isa = PBXFileReference; lastKnownFileType = image.png; path = "avion@2x.png"; sourceTree = "<group>"; };
		346C285E16CFF80D00D1BE1D /* bateau@2x.png */ = {isa = PBXFileReference; lastKnownFileType = image.png; path = "bateau@2x.png"; sourceTree = "<group>"; };
		346C285F16CFF80D00D1BE1D /* bijoux@2x.png */ = {isa = PBXFileReference; lastKnownFileType = image.png; path = "bijoux@2x.png"; sourceTree = "<group>"; };
		346C286016CFF80D00D1BE1D /* helico@2x.png */ = {isa = PBXFileReference; lastKnownFileType = image.png; path = "helico@2x.png"; sourceTree = "<group>"; };
		346C286116CFF80D00D1BE1D /* maison@2x.png */ = {isa = PBXFileReference; lastKnownFileType = image.png; path = "maison@2x.png"; sourceTree = "<group>"; };
		346C286216CFF80D00D1BE1D /* mobilier@2x.png */ = {isa = PBXFileReference; lastKnownFileType = image.png; path = "mobilier@2x.png"; sourceTree = "<group>"; };
		346C286316CFF80D00D1BE1D /* montre@2x.png */ = {isa = PBXFileReference; lastKnownFileType = image.png; path = "montre@2x.png"; sourceTree = "<group>"; };
		346C286416CFF80D00D1BE1D /* moto@2x.png */ = {isa = PBXFileReference; lastKnownFileType = image.png; path = "moto@2x.png"; sourceTree = "<group>"; };
		346C286516CFF80D00D1BE1D /* voiture@2x.png */ = {isa = PBXFileReference; lastKnownFileType = image.png; path = "voiture@2x.png"; sourceTree = "<group>"; };
		346C286616CFF80D00D1BE1D /* voyage@2x.png */ = {isa = PBXFileReference; lastKnownFileType = image.png; path = "voyage@2x.png"; sourceTree = "<group>"; };
		34CB6DFB16FC63500001976B /* yatch@2x.png */ = {isa = PBXFileReference; lastKnownFileType = image.png; path = "yatch@2x.png"; sourceTree = "<group>"; };
		34CB6DFC16FC63500001976B /* yatch2@2x.png */ = {isa = PBXFileReference; lastKnownFileType = image.png; path = "yatch2@2x.png"; sourceTree = "<group>"; };
		34CB6DFF16FC638E0001976B /* techno@2x.png */ = {isa = PBXFileReference; lastKnownFileType = image.png; path = "techno@2x.png"; sourceTree = "<group>"; };
		34CB6E0116FC63D30001976B /* all@2x.png */ = {isa = PBXFileReference; lastKnownFileType = image.png; path = "all@2x.png"; sourceTree = "<group>"; };
		34CB6E0716FC6E430001976B /* 9976085_large2.png */ = {isa = PBXFileReference; lastKnownFileType = image.png; path = 9976085_large2.png; sourceTree = "<group>"; };
		34CB6E0916FC71B30001976B /* 10184810_large2.png */ = {isa = PBXFileReference; lastKnownFileType = image.png; path = 10184810_large2.png; sourceTree = "<group>"; };
		34CB6E0B16FC72A90001976B /* 10330530_large2.png */ = {isa = PBXFileReference; lastKnownFileType = image.png; path = 10330530_large2.png; sourceTree = "<group>"; };
		34CB6E0D16FC73E70001976B /* 11071277_large2.png */ = {isa = PBXFileReference; lastKnownFileType = image.png; path = 11071277_large2.png; sourceTree = "<group>"; };
		34CB6E0F16FC74740001976B /* 10889098_large2.png */ = {isa = PBXFileReference; lastKnownFileType = image.png; path = 10889098_large2.png; sourceTree = "<group>"; };
		34CB6E1116FC754C0001976B /* 4309264_large2.png */ = {isa = PBXFileReference; lastKnownFileType = image.png; path = 4309264_large2.png; sourceTree = "<group>"; };
		34CB6E1316FC75DA0001976B /* 3671126_large2.png */ = {isa = PBXFileReference; lastKnownFileType = image.png; path = 3671126_large2.png; sourceTree = "<group>"; };
		34CB6E1516FC76FC0001976B /* 9937610_large2.png */ = {isa = PBXFileReference; lastKnownFileType = image.png; path = 9937610_large2.png; sourceTree = "<group>"; };
		34CB6E1716FC834B0001976B /* 9810314_large2.png */ = {isa = PBXFileReference; lastKnownFileType = image.png; path = 9810314_large2.png; sourceTree = "<group>"; };
		34CB6E1916FC841C0001976B /* 3924026_large2.png */ = {isa = PBXFileReference; lastKnownFileType = image.png; path = 3924026_large2.png; sourceTree = "<group>"; };
		34CB6E1B16FC84900001976B /* 9294935_large2.png */ = {isa = PBXFileReference; lastKnownFileType = image.png; path = 9294935_large2.png; sourceTree = "<group>"; };
		34CB6E1D16FC85A00001976B /* 11136694_large2.png */ = {isa = PBXFileReference; lastKnownFileType = image.png; path = 11136694_large2.png; sourceTree = "<group>"; };
		34CB6E1F16FC866D0001976B /* 502937_large2.png */ = {isa = PBXFileReference; lastKnownFileType = image.png; path = 502937_large2.png; sourceTree = "<group>"; };
		34CB6E2116FC87470001976B /* 3446590_large2.png */ = {isa = PBXFileReference; lastKnownFileType = image.png; path = 3446590_large2.png; sourceTree = "<group>"; };
		34CB6E2316FC88360001976B /* 10343503_large2.png */ = {isa = PBXFileReference; lastKnownFileType = image.png; path = 10343503_large2.png; sourceTree = "<group>"; };
		34D6AA7416F9EBD100BEE213 /* User.h */ = {isa = PBXFileReference; fileEncoding = 4; lastKnownFileType = sourcecode.c.h; path = User.h; sourceTree = "<group>"; };
		34D6AA7516F9EBD100BEE213 /* User.m */ = {isa = PBXFileReference; fileEncoding = 4; lastKnownFileType = sourcecode.c.objc; path = User.m; sourceTree = "<group>"; };
		34D6AA7716F9EC4300BEE213 /* UserXMLParser.h */ = {isa = PBXFileReference; fileEncoding = 4; lastKnownFileType = sourcecode.c.h; path = UserXMLParser.h; sourceTree = "<group>"; };
		34D6AA7816F9EC4300BEE213 /* UserXMLParser.m */ = {isa = PBXFileReference; fileEncoding = 4; lastKnownFileType = sourcecode.c.objc; path = UserXMLParser.m; sourceTree = "<group>"; };
		A744C31716CFE59800DD721F /* CategoriesViewController.h */ = {isa = PBXFileReference; fileEncoding = 4; lastKnownFileType = sourcecode.c.h; path = CategoriesViewController.h; sourceTree = "<group>"; };
		A744C31816CFE59800DD721F /* CategoriesViewController.m */ = {isa = PBXFileReference; fileEncoding = 4; lastKnownFileType = sourcecode.c.objc; path = CategoriesViewController.m; sourceTree = "<group>"; };
		A744C31D16CFE5E700DD721F /* ListeArticlesViewController.h */ = {isa = PBXFileReference; fileEncoding = 4; lastKnownFileType = sourcecode.c.h; path = ListeArticlesViewController.h; sourceTree = "<group>"; };
		A744C31E16CFE5E700DD721F /* ListeArticlesViewController.m */ = {isa = PBXFileReference; fileEncoding = 4; lastKnownFileType = sourcecode.c.objc; path = ListeArticlesViewController.m; sourceTree = "<group>"; };
		A755D9B816F4A3720052A119 /* MonCompteViewController.h */ = {isa = PBXFileReference; fileEncoding = 4; lastKnownFileType = sourcecode.c.h; path = MonCompteViewController.h; sourceTree = "<group>"; };
		A755D9B916F4A3720052A119 /* MonCompteViewController.m */ = {isa = PBXFileReference; fileEncoding = 4; lastKnownFileType = sourcecode.c.objc; path = MonCompteViewController.m; sourceTree = "<group>"; };
		A755D9BA16F4A3720052A119 /* MonCompteViewController.xib */ = {isa = PBXFileReference; fileEncoding = 4; lastKnownFileType = file.xib; path = MonCompteViewController.xib; sourceTree = "<group>"; };
		A755D9BD16F4A46E0052A119 /* MesCommandesViewController.h */ = {isa = PBXFileReference; fileEncoding = 4; lastKnownFileType = sourcecode.c.h; path = MesCommandesViewController.h; sourceTree = "<group>"; };
		A755D9BE16F4A46E0052A119 /* MesCommandesViewController.m */ = {isa = PBXFileReference; fileEncoding = 4; lastKnownFileType = sourcecode.c.objc; path = MesCommandesViewController.m; sourceTree = "<group>"; };
		A755D9BF16F4A46E0052A119 /* MesCommandesViewController.xib */ = {isa = PBXFileReference; fileEncoding = 4; lastKnownFileType = file.xib; path = MesCommandesViewController.xib; sourceTree = "<group>"; };
		A755D9C716F4A4930052A119 /* MesRetoursSAVViewController.h */ = {isa = PBXFileReference; fileEncoding = 4; lastKnownFileType = sourcecode.c.h; path = MesRetoursSAVViewController.h; sourceTree = "<group>"; };
		A755D9C816F4A4930052A119 /* MesRetoursSAVViewController.m */ = {isa = PBXFileReference; fileEncoding = 4; lastKnownFileType = sourcecode.c.objc; path = MesRetoursSAVViewController.m; sourceTree = "<group>"; };
		A755D9C916F4A4930052A119 /* MesRetoursSAVViewController.xib */ = {isa = PBXFileReference; fileEncoding = 4; lastKnownFileType = file.xib; path = MesRetoursSAVViewController.xib; sourceTree = "<group>"; };
		A755D9CC16F4A4A30052A119 /* MesAvoirsViewController.h */ = {isa = PBXFileReference; fileEncoding = 4; lastKnownFileType = sourcecode.c.h; path = MesAvoirsViewController.h; sourceTree = "<group>"; };
		A755D9CD16F4A4A30052A119 /* MesAvoirsViewController.m */ = {isa = PBXFileReference; fileEncoding = 4; lastKnownFileType = sourcecode.c.objc; path = MesAvoirsViewController.m; sourceTree = "<group>"; };
		A755D9CE16F4A4A30052A119 /* MesAvoirsViewController.xib */ = {isa = PBXFileReference; fileEncoding = 4; lastKnownFileType = file.xib; path = MesAvoirsViewController.xib; sourceTree = "<group>"; };
		A755D9D116F4A4B10052A119 /* MonPanierViewController.h */ = {isa = PBXFileReference; fileEncoding = 4; lastKnownFileType = sourcecode.c.h; path = MonPanierViewController.h; sourceTree = "<group>"; };
		A755D9D216F4A4B10052A119 /* MonPanierViewController.m */ = {isa = PBXFileReference; fileEncoding = 4; lastKnownFileType = sourcecode.c.objc; path = MonPanierViewController.m; sourceTree = "<group>"; };
		A755D9D316F4A4B10052A119 /* MonPanierViewController.xib */ = {isa = PBXFileReference; fileEncoding = 4; lastKnownFileType = file.xib; path = MonPanierViewController.xib; sourceTree = "<group>"; };
		A755D9D616F4A4C10052A119 /* MesAlertesViewController.h */ = {isa = PBXFileReference; fileEncoding = 4; lastKnownFileType = sourcecode.c.h; path = MesAlertesViewController.h; sourceTree = "<group>"; };
		A755D9D716F4A4C10052A119 /* MesAlertesViewController.m */ = {isa = PBXFileReference; fileEncoding = 4; lastKnownFileType = sourcecode.c.objc; path = MesAlertesViewController.m; sourceTree = "<group>"; };
		A755D9D816F4A4C10052A119 /* MesAlertesViewController.xib */ = {isa = PBXFileReference; fileEncoding = 4; lastKnownFileType = file.xib; path = MesAlertesViewController.xib; sourceTree = "<group>"; };
		A780C13916CFA02200652C08 /* iCommerce.app */ = {isa = PBXFileReference; explicitFileType = wrapper.application; includeInIndex = 0; path = iCommerce.app; sourceTree = BUILT_PRODUCTS_DIR; };
		A780C13C16CFA02200652C08 /* UIKit.framework */ = {isa = PBXFileReference; lastKnownFileType = wrapper.framework; name = UIKit.framework; path = System/Library/Frameworks/UIKit.framework; sourceTree = SDKROOT; };
		A780C13E16CFA02200652C08 /* Foundation.framework */ = {isa = PBXFileReference; lastKnownFileType = wrapper.framework; name = Foundation.framework; path = System/Library/Frameworks/Foundation.framework; sourceTree = SDKROOT; };
		A780C14016CFA02200652C08 /* CoreGraphics.framework */ = {isa = PBXFileReference; lastKnownFileType = wrapper.framework; name = CoreGraphics.framework; path = System/Library/Frameworks/CoreGraphics.framework; sourceTree = SDKROOT; };
		A780C14416CFA02200652C08 /* iCommerce-Info.plist */ = {isa = PBXFileReference; lastKnownFileType = text.plist.xml; path = "iCommerce-Info.plist"; sourceTree = "<group>"; };
		A780C14616CFA02200652C08 /* en */ = {isa = PBXFileReference; lastKnownFileType = text.plist.strings; name = en; path = en.lproj/InfoPlist.strings; sourceTree = "<group>"; };
		A780C14816CFA02200652C08 /* main.m */ = {isa = PBXFileReference; lastKnownFileType = sourcecode.c.objc; path = main.m; sourceTree = "<group>"; };
		A780C14A16CFA02200652C08 /* iCommerce-Prefix.pch */ = {isa = PBXFileReference; lastKnownFileType = sourcecode.c.h; path = "iCommerce-Prefix.pch"; sourceTree = "<group>"; };
		A780C14B16CFA02200652C08 /* AppDelegate.h */ = {isa = PBXFileReference; lastKnownFileType = sourcecode.c.h; path = AppDelegate.h; sourceTree = "<group>"; };
		A780C14C16CFA02200652C08 /* AppDelegate.m */ = {isa = PBXFileReference; lastKnownFileType = sourcecode.c.objc; path = AppDelegate.m; sourceTree = "<group>"; };
		A780C14E16CFA02200652C08 /* Default.png */ = {isa = PBXFileReference; lastKnownFileType = image.png; path = Default.png; sourceTree = "<group>"; };
		A780C15016CFA02200652C08 /* Default@2x.png */ = {isa = PBXFileReference; lastKnownFileType = image.png; path = "Default@2x.png"; sourceTree = "<group>"; };
		A780C15216CFA02200652C08 /* Default-568h@2x.png */ = {isa = PBXFileReference; lastKnownFileType = image.png; path = "Default-568h@2x.png"; sourceTree = "<group>"; };
		A780C15516CFA02200652C08 /* en */ = {isa = PBXFileReference; lastKnownFileType = file.storyboard; name = en; path = en.lproj/MainStoryboard.storyboard; sourceTree = "<group>"; };
		A780C16C16CFA36800652C08 /* AuthentificationViewController.h */ = {isa = PBXFileReference; fileEncoding = 4; lastKnownFileType = sourcecode.c.h; path = AuthentificationViewController.h; sourceTree = "<group>"; };
		A780C16D16CFA36800652C08 /* AuthentificationViewController.m */ = {isa = PBXFileReference; fileEncoding = 4; lastKnownFileType = sourcecode.c.objc; path = AuthentificationViewController.m; sourceTree = "<group>"; };
		A7812D2816F486450027936C /* EspacePersoViewController.h */ = {isa = PBXFileReference; fileEncoding = 4; lastKnownFileType = sourcecode.c.h; path = EspacePersoViewController.h; sourceTree = "<group>"; };
		A7812D2916F486450027936C /* EspacePersoViewController.m */ = {isa = PBXFileReference; fileEncoding = 4; lastKnownFileType = sourcecode.c.objc; path = EspacePersoViewController.m; sourceTree = "<group>"; };
		A7812D2B16F486680027936C /* EspacePersoCell.h */ = {isa = PBXFileReference; fileEncoding = 4; lastKnownFileType = sourcecode.c.h; path = EspacePersoCell.h; sourceTree = "<group>"; };
		A7812D2C16F486680027936C /* EspacePersoCell.m */ = {isa = PBXFileReference; fileEncoding = 4; lastKnownFileType = sourcecode.c.objc; path = EspacePersoCell.m; sourceTree = "<group>"; };
		A7812D2E16F486810027936C /* EspacePersoCell.xib */ = {isa = PBXFileReference; fileEncoding = 4; lastKnownFileType = file.xib; path = EspacePersoCell.xib; sourceTree = "<group>"; };
		A78639FB16FA1D1700A241CE /* anonymat@2x.png */ = {isa = PBXFileReference; lastKnownFileType = image.png; path = "anonymat@2x.png"; sourceTree = "<group>"; };
		A78639FD16FA292B00A241CE /* MesAdressesCell.h */ = {isa = PBXFileReference; fileEncoding = 4; lastKnownFileType = sourcecode.c.h; path = MesAdressesCell.h; sourceTree = "<group>"; };
		A78639FE16FA292C00A241CE /* MesAdressesCell.m */ = {isa = PBXFileReference; fileEncoding = 4; lastKnownFileType = sourcecode.c.objc; path = MesAdressesCell.m; sourceTree = "<group>"; };
		A7863A0016FA294600A241CE /* MesAdressesCell.xib */ = {isa = PBXFileReference; fileEncoding = 4; lastKnownFileType = file.xib; path = MesAdressesCell.xib; sourceTree = "<group>"; };
		A7863A0216FA2A6D00A241CE /* MesAdressesViewController.h */ = {isa = PBXFileReference; fileEncoding = 4; lastKnownFileType = sourcecode.c.h; name = MesAdressesViewController.h; path = ../MesAdressesViewController.h; sourceTree = "<group>"; };
		A7863A0316FA2A6D00A241CE /* MesAdressesViewController.m */ = {isa = PBXFileReference; fileEncoding = 4; lastKnownFileType = sourcecode.c.objc; name = MesAdressesViewController.m; path = ../MesAdressesViewController.m; sourceTree = "<group>"; };
		A7863A0416FA2A6D00A241CE /* MesAdressesViewController.xib */ = {isa = PBXFileReference; fileEncoding = 4; lastKnownFileType = file.xib; name = MesAdressesViewController.xib; path = ../MesAdressesViewController.xib; sourceTree = "<group>"; };
/* End PBXFileReference section */

/* Begin PBXFrameworksBuildPhase section */
		A780C13616CFA02200652C08 /* Frameworks */ = {
			isa = PBXFrameworksBuildPhase;
			buildActionMask = 2147483647;
			files = (
				A780C13D16CFA02200652C08 /* UIKit.framework in Frameworks */,
				A780C13F16CFA02200652C08 /* Foundation.framework in Frameworks */,
				A780C14116CFA02200652C08 /* CoreGraphics.framework in Frameworks */,
			);
			runOnlyForDeploymentPostprocessing = 0;
		};
/* End PBXFrameworksBuildPhase section */

/* Begin PBXGroup section */
		34A4F4F916F489D500AE5AD5 /* Liste Articles */ = {
			isa = PBXGroup;
			children = (
				34527FBB16CFDD97003C0A9D /* ArticleXMLParser.h */,
				34527FBC16CFDD97003C0A9D /* ArticleXMLParser.m */,
				34527FBE16CFDDFB003C0A9D /* Article.h */,
				34527FBF16CFDDFB003C0A9D /* Article.m */,
				346C285816CFF23500D1BE1D /* ArticleItemTableViewCell.h */,
				346C285916CFF23500D1BE1D /* ArticleItemTableViewCell.m */,
				346C285B16CFF25900D1BE1D /* ArticleItemTableViewCell.xib */,
				A744C31716CFE59800DD721F /* CategoriesViewController.h */,
				A744C31816CFE59800DD721F /* CategoriesViewController.m */,
				A744C31D16CFE5E700DD721F /* ListeArticlesViewController.h */,
				A744C31E16CFE5E700DD721F /* ListeArticlesViewController.m */,
				3424EAE816F45DDD001C0C7A /* DetailViewController.h */,
				3424EAE916F45DDD001C0C7A /* DetailViewController.m */,
				3424EAEA16F45DDD001C0C7A /* DetailViewController.xib */,
			);
			name = "Liste Articles";
			sourceTree = "<group>";
		};
		A780C13016CFA02200652C08 = {
			isa = PBXGroup;
			children = (
				A780C14216CFA02200652C08 /* iCommerce */,
				A780C13B16CFA02200652C08 /* Frameworks */,
				A780C13A16CFA02200652C08 /* Products */,
			);
			sourceTree = "<group>";
		};
		A780C13A16CFA02200652C08 /* Products */ = {
			isa = PBXGroup;
			children = (
				A780C13916CFA02200652C08 /* iCommerce.app */,
			);
			name = Products;
			sourceTree = "<group>";
		};
		A780C13B16CFA02200652C08 /* Frameworks */ = {
			isa = PBXGroup;
			children = (
				A780C13C16CFA02200652C08 /* UIKit.framework */,
				A780C13E16CFA02200652C08 /* Foundation.framework */,
				A780C14016CFA02200652C08 /* CoreGraphics.framework */,
			);
			name = Frameworks;
			sourceTree = "<group>";
		};
		A780C14216CFA02200652C08 /* iCommerce */ = {
			isa = PBXGroup;
			children = (
				A780C14B16CFA02200652C08 /* AppDelegate.h */,
				A780C14C16CFA02200652C08 /* AppDelegate.m */,
				A780C15416CFA02200652C08 /* MainStoryboard.storyboard */,
				34A4F4F916F489D500AE5AD5 /* Liste Articles */,
				A7812D2616F485A40027936C /* Espace Perso */,
				A780C14316CFA02200652C08 /* Supporting Files */,
			);
			path = iCommerce;
			sourceTree = "<group>";
		};
		A780C14316CFA02200652C08 /* Supporting Files */ = {
			isa = PBXGroup;
			children = (
				346C285D16CFF80D00D1BE1D /* avion@2x.png */,
				34CB6E1916FC841C0001976B /* 3924026_large2.png */,
				34CB6E1716FC834B0001976B /* 9810314_large2.png */,
				34CB6E1516FC76FC0001976B /* 9937610_large2.png */,
				34CB6E1B16FC84900001976B /* 9294935_large2.png */,
				346C285E16CFF80D00D1BE1D /* bateau@2x.png */,
				34CB6E1316FC75DA0001976B /* 3671126_large2.png */,
				34CB6E1116FC754C0001976B /* 4309264_large2.png */,
				3424EAFF16F46DE1001C0C7A /* voiture@2x.png */,
				34CB6E1D16FC85A00001976B /* 11136694_large2.png */,
				34CB6E2316FC88360001976B /* 10343503_large2.png */,
				34CB6E1F16FC866D0001976B /* 502937_large2.png */,
				34CB6E2116FC87470001976B /* 3446590_large2.png */,
				346C286116CFF80D00D1BE1D /* maison@2x.png */,
				34CB6E0716FC6E430001976B /* 9976085_large2.png */,
				34CB6E0D16FC73E70001976B /* 11071277_large2.png */,
				34CB6E0F16FC74740001976B /* 10889098_large2.png */,
				34CB6E0B16FC72A90001976B /* 10330530_large2.png */,
				34CB6E0916FC71B30001976B /* 10184810_large2.png */,
				34CB6E0116FC63D30001976B /* all@2x.png */,
				34CB6DFF16FC638E0001976B /* techno@2x.png */,
				A78639FB16FA1D1700A241CE /* anonymat@2x.png */,
				3435465D16F47CB10016D50F /* htc-desire-s.png */,
				3435465E16F47CB10016D50F /* htc-desire-s@2x.png */,
				3435465F16F47CB10016D50F /* imprimante.png */,
				3435466016F47CB10016D50F /* imprimante@2x.png */,
				3435466116F47CB10016D50F /* iphone-5.png */,
				3435466216F47CB10016D50F /* iphone-5@2x.png */,
				3435466316F47CB10016D50F /* routeur-wifi.png */,
				3435466416F47CB10016D50F /* routeur-wifi@2x.png */,
				3435466516F47CB10016D50F /* tv.png */,
				3435466616F47CB10016D50F /* tv@2x.png */,
				346C285F16CFF80D00D1BE1D /* bijoux@2x.png */,
				346C286016CFF80D00D1BE1D /* helico@2x.png */,
				346C286216CFF80D00D1BE1D /* mobilier@2x.png */,
				346C286316CFF80D00D1BE1D /* montre@2x.png */,
				346C286416CFF80D00D1BE1D /* moto@2x.png */,
				34CB6DFB16FC63500001976B /* yatch@2x.png */,
				34CB6DFC16FC63500001976B /* yatch2@2x.png */,
				346C286516CFF80D00D1BE1D /* voiture@2x.png */,
				346C286616CFF80D00D1BE1D /* voyage@2x.png */,
				A780C14416CFA02200652C08 /* iCommerce-Info.plist */,
				A780C14516CFA02200652C08 /* InfoPlist.strings */,
				A780C14816CFA02200652C08 /* main.m */,
				A780C14A16CFA02200652C08 /* iCommerce-Prefix.pch */,
				A780C14E16CFA02200652C08 /* Default.png */,
				A780C15016CFA02200652C08 /* Default@2x.png */,
				A780C15216CFA02200652C08 /* Default-568h@2x.png */,
			);
			name = "Supporting Files";
			sourceTree = "<group>";
		};
		A7812D2616F485A40027936C /* Espace Perso */ = {
			isa = PBXGroup;
			children = (
				34D6AA7416F9EBD100BEE213 /* User.h */,
				34D6AA7516F9EBD100BEE213 /* User.m */,
				34D6AA7716F9EC4300BEE213 /* UserXMLParser.h */,
				34D6AA7816F9EC4300BEE213 /* UserXMLParser.m */,
				A780C16C16CFA36800652C08 /* AuthentificationViewController.h */,
				A780C16D16CFA36800652C08 /* AuthentificationViewController.m */,
				A7812D2816F486450027936C /* EspacePersoViewController.h */,
				A7812D2916F486450027936C /* EspacePersoViewController.m */,
				A7812D2716F486250027936C /* Items */,
				A7812D2B16F486680027936C /* EspacePersoCell.h */,
				A7812D2C16F486680027936C /* EspacePersoCell.m */,
				A7812D2E16F486810027936C /* EspacePersoCell.xib */,
			);
			name = "Espace Perso";
			sourceTree = "<group>";
		};
		A7812D2716F486250027936C /* Items */ = {
			isa = PBXGroup;
			children = (
				A755D9B816F4A3720052A119 /* MonCompteViewController.h */,
				A755D9B916F4A3720052A119 /* MonCompteViewController.m */,
				A755D9BA16F4A3720052A119 /* MonCompteViewController.xib */,
				A755D9BD16F4A46E0052A119 /* MesCommandesViewController.h */,
				A755D9BE16F4A46E0052A119 /* MesCommandesViewController.m */,
				A755D9BF16F4A46E0052A119 /* MesCommandesViewController.xib */,
				A7863A0216FA2A6D00A241CE /* MesAdressesViewController.h */,
				A7863A0316FA2A6D00A241CE /* MesAdressesViewController.m */,
				A7863A0416FA2A6D00A241CE /* MesAdressesViewController.xib */,
				A78639FD16FA292B00A241CE /* MesAdressesCell.h */,
				A78639FE16FA292C00A241CE /* MesAdressesCell.m */,
				A7863A0016FA294600A241CE /* MesAdressesCell.xib */,
				A755D9C716F4A4930052A119 /* MesRetoursSAVViewController.h */,
				A755D9C816F4A4930052A119 /* MesRetoursSAVViewController.m */,
				A755D9C916F4A4930052A119 /* MesRetoursSAVViewController.xib */,
				A755D9CC16F4A4A30052A119 /* MesAvoirsViewController.h */,
				A755D9CD16F4A4A30052A119 /* MesAvoirsViewController.m */,
				A755D9CE16F4A4A30052A119 /* MesAvoirsViewController.xib */,
				A755D9D116F4A4B10052A119 /* MonPanierViewController.h */,
				A755D9D216F4A4B10052A119 /* MonPanierViewController.m */,
				A755D9D316F4A4B10052A119 /* MonPanierViewController.xib */,
				A755D9D616F4A4C10052A119 /* MesAlertesViewController.h */,
				A755D9D716F4A4C10052A119 /* MesAlertesViewController.m */,
				A755D9D816F4A4C10052A119 /* MesAlertesViewController.xib */,
			);
			name = Items;
			sourceTree = "<group>";
		};
/* End PBXGroup section */

/* Begin PBXNativeTarget section */
		A780C13816CFA02200652C08 /* iCommerce */ = {
			isa = PBXNativeTarget;
			buildConfigurationList = A780C16716CFA02200652C08 /* Build configuration list for PBXNativeTarget "iCommerce" */;
			buildPhases = (
				A780C13516CFA02200652C08 /* Sources */,
				A780C13616CFA02200652C08 /* Frameworks */,
				A780C13716CFA02200652C08 /* Resources */,
			);
			buildRules = (
			);
			dependencies = (
			);
			name = iCommerce;
			productName = iCommerce;
			productReference = A780C13916CFA02200652C08 /* iCommerce.app */;
			productType = "com.apple.product-type.application";
		};
/* End PBXNativeTarget section */

/* Begin PBXProject section */
		A780C13116CFA02200652C08 /* Project object */ = {
			isa = PBXProject;
			attributes = {
				LastUpgradeCheck = 0460;
				ORGANIZATIONNAME = Polytech;
			};
			buildConfigurationList = A780C13416CFA02200652C08 /* Build configuration list for PBXProject "iCommerce" */;
			compatibilityVersion = "Xcode 3.2";
			developmentRegion = English;
			hasScannedForEncodings = 0;
			knownRegions = (
				en,
			);
			mainGroup = A780C13016CFA02200652C08;
			productRefGroup = A780C13A16CFA02200652C08 /* Products */;
			projectDirPath = "";
			projectRoot = "";
			targets = (
				A780C13816CFA02200652C08 /* iCommerce */,
			);
		};
/* End PBXProject section */

/* Begin PBXResourcesBuildPhase section */
		A780C13716CFA02200652C08 /* Resources */ = {
			isa = PBXResourcesBuildPhase;
			buildActionMask = 2147483647;
			files = (
				A780C14716CFA02200652C08 /* InfoPlist.strings in Resources */,
				A780C14F16CFA02200652C08 /* Default.png in Resources */,
				A780C15116CFA02200652C08 /* Default@2x.png in Resources */,
				A780C15316CFA02200652C08 /* Default-568h@2x.png in Resources */,
				A780C15616CFA02200652C08 /* MainStoryboard.storyboard in Resources */,
				346C285C16CFF25900D1BE1D /* ArticleItemTableViewCell.xib in Resources */,
				346C286716CFF80D00D1BE1D /* avion@2x.png in Resources */,
				346C286816CFF80D00D1BE1D /* bateau@2x.png in Resources */,
				346C286916CFF80D00D1BE1D /* bijoux@2x.png in Resources */,
				346C286A16CFF80D00D1BE1D /* helico@2x.png in Resources */,
				346C286B16CFF80D00D1BE1D /* maison@2x.png in Resources */,
				346C286C16CFF80D00D1BE1D /* mobilier@2x.png in Resources */,
				346C286D16CFF80D00D1BE1D /* montre@2x.png in Resources */,
				346C286E16CFF80D00D1BE1D /* moto@2x.png in Resources */,
				346C286F16CFF80D00D1BE1D /* voiture@2x.png in Resources */,
				346C287016CFF80D00D1BE1D /* voyage@2x.png in Resources */,
				3424EAEC16F45DDD001C0C7A /* DetailViewController.xib in Resources */,
				3424EB0516F46DE1001C0C7A /* voiture@2x.png in Resources */,
				3435466716F47CB10016D50F /* htc-desire-s.png in Resources */,
				3435466816F47CB10016D50F /* htc-desire-s@2x.png in Resources */,
				3435466916F47CB10016D50F /* imprimante.png in Resources */,
				3435466A16F47CB10016D50F /* imprimante@2x.png in Resources */,
				3435466B16F47CB10016D50F /* iphone-5.png in Resources */,
				3435466C16F47CB10016D50F /* iphone-5@2x.png in Resources */,
				3435466D16F47CB10016D50F /* routeur-wifi.png in Resources */,
				3435466E16F47CB10016D50F /* routeur-wifi@2x.png in Resources */,
				3435466F16F47CB10016D50F /* tv.png in Resources */,
				3435467016F47CB10016D50F /* tv@2x.png in Resources */,
				A7812D2F16F486810027936C /* EspacePersoCell.xib in Resources */,
				A755D9BC16F4A3720052A119 /* MonCompteViewController.xib in Resources */,
				A755D9C116F4A46E0052A119 /* MesCommandesViewController.xib in Resources */,
				A755D9CB16F4A4930052A119 /* MesRetoursSAVViewController.xib in Resources */,
				A755D9D016F4A4A30052A119 /* MesAvoirsViewController.xib in Resources */,
				A755D9D516F4A4B10052A119 /* MonPanierViewController.xib in Resources */,
				A755D9DA16F4A4C10052A119 /* MesAlertesViewController.xib in Resources */,
				A78639FC16FA1D1700A241CE /* anonymat@2x.png in Resources */,
				A7863A0116FA294700A241CE /* MesAdressesCell.xib in Resources */,
				A7863A0616FA2A6D00A241CE /* MesAdressesViewController.xib in Resources */,
				34CB6DFD16FC63500001976B /* yatch@2x.png in Resources */,
				34CB6DFE16FC63500001976B /* yatch2@2x.png in Resources */,
				34CB6E0016FC638E0001976B /* techno@2x.png in Resources */,
				34CB6E0216FC63D30001976B /* all@2x.png in Resources */,
				34CB6E0816FC6E430001976B /* 9976085_large2.png in Resources */,
				34CB6E0A16FC71B30001976B /* 10184810_large2.png in Resources */,
				34CB6E0C16FC72A90001976B /* 10330530_large2.png in Resources */,
				34CB6E0E16FC73E70001976B /* 11071277_large2.png in Resources */,
				34CB6E1016FC74740001976B /* 10889098_large2.png in Resources */,
				34CB6E1216FC754C0001976B /* 4309264_large2.png in Resources */,
				34CB6E1416FC75DA0001976B /* 3671126_large2.png in Resources */,
				34CB6E1616FC76FC0001976B /* 9937610_large2.png in Resources */,
				34CB6E1816FC834B0001976B /* 9810314_large2.png in Resources */,
				34CB6E1A16FC841C0001976B /* 3924026_large2.png in Resources */,
				34CB6E1C16FC84900001976B /* 9294935_large2.png in Resources */,
				34CB6E1E16FC85A00001976B /* 11136694_large2.png in Resources */,
				34CB6E2016FC866D0001976B /* 502937_large2.png in Resources */,
				34CB6E2216FC87470001976B /* 3446590_large2.png in Resources */,
				34CB6E2416FC88360001976B /* 10343503_large2.png in Resources */,
			);
			runOnlyForDeploymentPostprocessing = 0;
		};
/* End PBXResourcesBuildPhase section */

/* Begin PBXSourcesBuildPhase section */
		A780C13516CFA02200652C08 /* Sources */ = {
			isa = PBXSourcesBuildPhase;
			buildActionMask = 2147483647;
			files = (
				A780C14916CFA02200652C08 /* main.m in Sources */,
				A780C14D16CFA02200652C08 /* AppDelegate.m in Sources */,
				A780C16E16CFA36800652C08 /* AuthentificationViewController.m in Sources */,
				34527FBD16CFDD97003C0A9D /* ArticleXMLParser.m in Sources */,
				34527FC016CFDDFB003C0A9D /* Article.m in Sources */,
				A744C31916CFE59800DD721F /* CategoriesViewController.m in Sources */,
				A744C31F16CFE5E700DD721F /* ListeArticlesViewController.m in Sources */,
				346C285A16CFF23500D1BE1D /* ArticleItemTableViewCell.m in Sources */,
				3424EAEB16F45DDD001C0C7A /* DetailViewController.m in Sources */,
				A7812D2A16F486450027936C /* EspacePersoViewController.m in Sources */,
				A7812D2D16F486680027936C /* EspacePersoCell.m in Sources */,
				A755D9BB16F4A3720052A119 /* MonCompteViewController.m in Sources */,
				A755D9C016F4A46E0052A119 /* MesCommandesViewController.m in Sources */,
				A755D9CA16F4A4930052A119 /* MesRetoursSAVViewController.m in Sources */,
				A755D9CF16F4A4A30052A119 /* MesAvoirsViewController.m in Sources */,
				A755D9D416F4A4B10052A119 /* MonPanierViewController.m in Sources */,
				A755D9D916F4A4C10052A119 /* MesAlertesViewController.m in Sources */,
				34D6AA7616F9EBD100BEE213 /* User.m in Sources */,
				34D6AA7916F9EC4300BEE213 /* UserXMLParser.m in Sources */,
				A78639FF16FA292C00A241CE /* MesAdressesCell.m in Sources */,
				A7863A0516FA2A6D00A241CE /* MesAdressesViewController.m in Sources */,
			);
			runOnlyForDeploymentPostprocessing = 0;
		};
/* End PBXSourcesBuildPhase section */

/* Begin PBXVariantGroup section */
		A780C14516CFA02200652C08 /* InfoPlist.strings */ = {
			isa = PBXVariantGroup;
			children = (
				A780C14616CFA02200652C08 /* en */,
			);
			name = InfoPlist.strings;
			sourceTree = "<group>";
		};
		A780C15416CFA02200652C08 /* MainStoryboard.storyboard */ = {
			isa = PBXVariantGroup;
			children = (
				A780C15516CFA02200652C08 /* en */,
			);
			name = MainStoryboard.storyboard;
			sourceTree = "<group>";
		};
/* End PBXVariantGroup section */

/* Begin XCBuildConfiguration section */
		A780C16516CFA02200652C08 /* Debug */ = {
			isa = XCBuildConfiguration;
			buildSettings = {
				ALWAYS_SEARCH_USER_PATHS = NO;
				CLANG_CXX_LANGUAGE_STANDARD = "gnu++0x";
				CLANG_CXX_LIBRARY = "libc++";
				CLANG_WARN_CONSTANT_CONVERSION = YES;
				CLANG_WARN_EMPTY_BODY = YES;
				CLANG_WARN_ENUM_CONVERSION = YES;
				CLANG_WARN_INT_CONVERSION = YES;
				CLANG_WARN__DUPLICATE_METHOD_MATCH = YES;
				"CODE_SIGN_IDENTITY[sdk=iphoneos*]" = "iPhone Developer";
				COPY_PHASE_STRIP = NO;
				GCC_C_LANGUAGE_STANDARD = gnu99;
				GCC_DYNAMIC_NO_PIC = NO;
				GCC_OPTIMIZATION_LEVEL = 0;
				GCC_PREPROCESSOR_DEFINITIONS = (
					"DEBUG=1",
					"$(inherited)",
				);
				GCC_SYMBOLS_PRIVATE_EXTERN = NO;
				GCC_WARN_ABOUT_RETURN_TYPE = YES;
				GCC_WARN_UNINITIALIZED_AUTOS = YES;
				GCC_WARN_UNUSED_VARIABLE = YES;
				IPHONEOS_DEPLOYMENT_TARGET = 6.1;
				ONLY_ACTIVE_ARCH = YES;
				SDKROOT = iphoneos;
			};
			name = Debug;
		};
		A780C16616CFA02200652C08 /* Release */ = {
			isa = XCBuildConfiguration;
			buildSettings = {
				ALWAYS_SEARCH_USER_PATHS = NO;
				CLANG_CXX_LANGUAGE_STANDARD = "gnu++0x";
				CLANG_CXX_LIBRARY = "libc++";
				CLANG_WARN_CONSTANT_CONVERSION = YES;
				CLANG_WARN_EMPTY_BODY = YES;
				CLANG_WARN_ENUM_CONVERSION = YES;
				CLANG_WARN_INT_CONVERSION = YES;
				CLANG_WARN__DUPLICATE_METHOD_MATCH = YES;
				"CODE_SIGN_IDENTITY[sdk=iphoneos*]" = "iPhone Developer";
				COPY_PHASE_STRIP = YES;
				GCC_C_LANGUAGE_STANDARD = gnu99;
				GCC_WARN_ABOUT_RETURN_TYPE = YES;
				GCC_WARN_UNINITIALIZED_AUTOS = YES;
				GCC_WARN_UNUSED_VARIABLE = YES;
				IPHONEOS_DEPLOYMENT_TARGET = 6.1;
				OTHER_CFLAGS = "-DNS_BLOCK_ASSERTIONS=1";
				SDKROOT = iphoneos;
				VALIDATE_PRODUCT = YES;
			};
			name = Release;
		};
		A780C16816CFA02200652C08 /* Debug */ = {
			isa = XCBuildConfiguration;
			buildSettings = {
				GCC_PRECOMPILE_PREFIX_HEADER = YES;
				GCC_PREFIX_HEADER = "iCommerce/iCommerce-Prefix.pch";
				INFOPLIST_FILE = "iCommerce/iCommerce-Info.plist";
				PRODUCT_NAME = "$(TARGET_NAME)";
				WRAPPER_EXTENSION = app;
			};
			name = Debug;
		};
		A780C16916CFA02200652C08 /* Release */ = {
			isa = XCBuildConfiguration;
			buildSettings = {
				GCC_PRECOMPILE_PREFIX_HEADER = YES;
				GCC_PREFIX_HEADER = "iCommerce/iCommerce-Prefix.pch";
				INFOPLIST_FILE = "iCommerce/iCommerce-Info.plist";
				PRODUCT_NAME = "$(TARGET_NAME)";
				WRAPPER_EXTENSION = app;
			};
			name = Release;
		};
/* End XCBuildConfiguration section */

/* Begin XCConfigurationList section */
		A780C13416CFA02200652C08 /* Build configuration list for PBXProject "iCommerce" */ = {
			isa = XCConfigurationList;
			buildConfigurations = (
				A780C16516CFA02200652C08 /* Debug */,
				A780C16616CFA02200652C08 /* Release */,
			);
			defaultConfigurationIsVisible = 0;
			defaultConfigurationName = Release;
		};
		A780C16716CFA02200652C08 /* Build configuration list for PBXNativeTarget "iCommerce" */ = {
			isa = XCConfigurationList;
			buildConfigurations = (
				A780C16816CFA02200652C08 /* Debug */,
				A780C16916CFA02200652C08 /* Release */,
			);
			defaultConfigurationIsVisible = 0;
			defaultConfigurationName = Release;
		};
/* End XCConfigurationList section */
	};
	rootObject = A780C13116CFA02200652C08 /* Project object */;
}
